
Microsoft Visual Studio Solution File, Format Version 12.00
# Visual Studio Version 16
VisualStudioVersion = 16.0.30611.23
MinimumVisualStudioVersion = 10.0.40219.1
Project("{FAE04EC0-301F-11D3-BF4B-00C04F79EFBC}") = "Match_Making_Project", "Match_Making_Project\Match_Making_Project.csproj", "{7E6ABD08-A6FE-415F-82F0-FB29F9A8D666}"
EndProject
Project("{FAE04EC0-301F-11D3-BF4B-00C04F79EFBC}") = "BL", "BL\BL.csproj", "{33A49B1E-6A92-43D1-97E3-FD8FEB42EC40}"
EndProject
Project("{FAE04EC0-301F-11D3-BF4B-00C04F79EFBC}") = "DAL", "DAL\DAL.csproj", "{F491CC8B-357F-404C-AE5C-E90D09AAD86F}"
EndProject
Project("{FAE04EC0-301F-11D3-BF4B-00C04F79EFBC}") = "DP", "DP\DP.csproj", "{EB1614D7-82A6-4797-9181-5FEEDD7B4559}"
EndProject
Project("{FAE04EC0-301F-11D3-BF4B-00C04F79EFBC}") = "TriesToDELETE", "TriesToDELETE\TriesToDELETE.csproj", "{4B34A3B8-EC6C-4250-BD9B-3F60663A7C49}"
EndProject
Global
	GlobalSection(SolutionConfigurationPlatforms) = preSolution
		Debug|Any CPU = Debug|Any CPU
		Release|Any CPU = Release|Any CPU
	EndGlobalSection
	GlobalSection(ProjectConfigurationPlatforms) = postSolution
		{7E6ABD08-A6FE-415F-82F0-FB29F9A8D666}.Debug|Any CPU.ActiveCfg = Debug|Any CPU
		{7E6ABD08-A6FE-415F-82F0-FB29F9A8D666}.Debug|Any CPU.Build.0 = Debug|Any CPU
		{7E6ABD08-A6FE-415F-82F0-FB29F9A8D666}.Release|Any CPU.ActiveCfg = Release|Any CPU
		{7E6ABD08-A6FE-415F-82F0-FB29F9A8D666}.Release|Any CPU.Build.0 = Release|Any CPU
		{33A49B1E-6A92-43D1-97E3-FD8FEB42EC40}.Debug|Any CPU.ActiveCfg = Debug|Any CPU
		{33A49B1E-6A92-43D1-97E3-FD8FEB42EC40}.Debug|Any CPU.Build.0 = Debug|Any CPU
		{33A49B1E-6A92-43D1-97E3-FD8FEB42EC40}.Release|Any CPU.ActiveCfg = Release|Any CPU
		{33A49B1E-6A92-43D1-97E3-FD8FEB42EC40}.Release|Any CPU.Build.0 = Release|Any CPU
		{F491CC8B-357F-404C-AE5C-E90D09AAD86F}.Debug|Any CPU.ActiveCfg = Debug|Any CPU
		{F491CC8B-357F-404C-AE5C-E90D09AAD86F}.Debug|Any CPU.Build.0 = Debug|Any CPU
		{F491CC8B-357F-404C-AE5C-E90D09AAD86F}.Release|Any CPU.ActiveCfg = Release|Any CPU
		{F491CC8B-357F-404C-AE5C-E90D09AAD86F}.Release|Any CPU.Build.0 = Release|Any CPU
		{EB1614D7-82A6-4797-9181-5FEEDD7B4559}.Debug|Any CPU.ActiveCfg = Debug|Any CPU
		{EB1614D7-82A6-4797-9181-5FEEDD7B4559}.Debug|Any CPU.Build.0 = Debug|Any CPU
		{EB1614D7-82A6-4797-9181-5FEEDD7B4559}.Release|Any CPU.ActiveCfg = Release|Any CPU
		{EB1614D7-82A6-4797-9181-5FEEDD7B4559}.Release|Any CPU.Build.0 = Release|Any CPU
		{4B34A3B8-EC6C-4250-BD9B-3F60663A7C49}.Debug|Any CPU.ActiveCfg = Debug|Any CPU
		{4B34A3B8-EC6C-4250-BD9B-3F60663A7C49}.Debug|Any CPU.Build.0 = Debug|Any CPU
		{4B34A3B8-EC6C-4250-BD9B-3F60663A7C49}.Release|Any CPU.ActiveCfg = Release|Any CPU
		{4B34A3B8-EC6C-4250-BD9B-3F60663A7C49}.Release|Any CPU.Build.0 = Release|Any CPU
	EndGlobalSection
	GlobalSection(SolutionProperties) = preSolution
		HideSolutionNode = FALSE
	EndGlobalSection
	GlobalSection(ExtensibilityGlobals) = postSolution
		SolutionGuid = {FDA9CEE2-957B-49A6-86E5-35288E235729}
	EndGlobalSection
EndGlobal
